%{"certifi": {:hex, :certifi, "0.3.0", "389d4b126a47895fe96d65fcf8681f4d09eca1153dc2243ed6babad0aac1e763", [:rebar3], []},
  "earmark": {:hex, :earmark, "0.1.19", "ffec54f520a11b711532c23d8a52b75a74c09697062d10613fa2dbdf8a9db36e", [:mix], []},
  "ex_doc": {:hex, :ex_doc, "0.10.0", "f49c237250b829df986486b38f043e6f8e19d19b41101987f7214543f75947ec", [:mix], [{:earmark, "~> 0.1.17 or ~> 0.2", [hex: :earmark, optional: true]}]},
  "hackney": {:hex, :hackney, "1.4.10", "7da877a7388a8bcc7d71253d4a38103c955333dd470a3af5e47fa1ad8d5e3c23", [:rebar3], [{:certifi, "0.3.0", [hex: :certifi, optional: false]}, {:idna, "1.1.0", [hex: :idna, optional: false]}, {:mimerl, "1.0.2", [hex: :mimerl, optional: false]}, {:ssl_verify_hostname, "1.0.5", [hex: :ssl_verify_hostname, optional: false]}]},
  "httpoison": {:hex, :httpoison, "0.8.0", "52a958d40b2aa46da418cdf6d8dfd82ba83e94d5e60920dfa5f40c05b34fe073", [:mix], [{:hackney, "~> 1.4.4", [hex: :hackney, optional: false]}]},
  "idna": {:hex, :idna, "1.1.0", "b4315c6da1c37dc8ab1df3ed18796ecd5172c4165fb886f43732ce598d145b50", [:rebar3], []},
  "mime": {:hex, :mime, "1.0.1", "05c393850524767d13a53627df71beeebb016205eb43bfbd92d14d24ec7a1b51", [:mix], []},
  "mimerl": {:hex, :mimerl, "1.0.2", "993f9b0e084083405ed8252b99460c4f0563e41729ab42d9074fd5e52439be88", [:rebar3], []},
  "mimetype_parser": {:hex, :mimetype_parser, "0.1.0", "069fcf6aa98b1eb90d879b3035f3392acecef1ee212ddc59fa930a6cc15d85e3", [:mix], []},
  "oauth2": {:hex, :oauth2, "0.5.0", "bb46ad20f060540c2726c993b4661a9f89b7acec5568ceae7009560358fbc765", [:mix], [{:httpoison, "~> 0.7", [hex: :httpoison, optional: false]}, {:mimetype_parser, "~> 0.1", [hex: :mimetype_parser, optional: false]}, {:poison, "~> 1.3", [hex: :poison, optional: false]}]},
  "plug": {:hex, :plug, "1.2.0", "496bef96634a49d7803ab2671482f0c5ce9ce0b7b9bc25bc0ae8e09859dd2004", [:mix], [{:cowboy, "~> 1.0", [hex: :cowboy, optional: true]}, {:mime, "~> 1.0", [hex: :mime, optional: false]}]},
  "poison": {:hex, :poison, "1.5.0", "f2f4f460623a6f154683abae34352525e1d918380267cdbd949a07ba57503248", [:mix], []},
  "ssl_verify_hostname": {:hex, :ssl_verify_hostname, "1.0.5", "2e73e068cd6393526f9fa6d399353d7c9477d6886ba005f323b592d389fb47be", [:make], []},
  "ueberauth": {:hex, :ueberauth, "0.3.0", "d8f8573dc15f2623d22b0c3f360ffbe9db6e2d1e75b79803c3ee7e5964175e58", [:mix], [{:plug, "~> 1.0", [hex: :plug, optional: false]}]}}
