%{
  "bunt": {:hex, :bunt, "0.2.0", "951c6e801e8b1d2cbe58ebbd3e616a869061ddadcc4863d0a2182541acae9a38", [:mix], [], "hexpm"},
  "certifi": {:hex, :certifi, "1.2.1", "c3904f192bd5284e5b13f20db3ceac9626e14eeacfbb492e19583cf0e37b22be", [:rebar3], [], "hexpm"},
  "credo": {:hex, :credo, "0.8.4", "4e50acac058cf6292d6066e5b0d03da5e1483702e1ccde39abba385c9f03ead4", [:mix], [{:bunt, "~> 0.2.0", [hex: :bunt, repo: "hexpm", optional: false]}], "hexpm"},
  "earmark": {:hex, :earmark, "1.0.1", "2c2cd903bfdc3de3f189bd9a8d4569a075b88a8981ded9a0d95672f6e2b63141", [:mix], [], "hexpm"},
  "ex_doc": {:hex, :ex_doc, "0.13.2", "1059a588d2ad3ffab25a0b85c58abf08e437d3e7a9124ac255e1d15cec68ab79", [:mix], [{:earmark, "~> 1.0", [hex: :earmark, repo: "hexpm", optional: false]}], "hexpm"},
  "hackney": {:hex, :hackney, "1.8.6", "21a725db3569b3fb11a6af17d5c5f654052ce9624219f1317e8639183de4a423", [:rebar3], [{:certifi, "1.2.1", [hex: :certifi, repo: "hexpm", optional: false]}, {:idna, "5.0.2", [hex: :idna, repo: "hexpm", optional: false]}, {:metrics, "1.0.1", [hex: :metrics, repo: "hexpm", optional: false]}, {:mimerl, "1.0.2", [hex: :mimerl, repo: "hexpm", optional: false]}, {:ssl_verify_fun, "1.1.1", [hex: :ssl_verify_fun, repo: "hexpm", optional: false]}], "hexpm"},
  "httpoison": {:hex, :httpoison, "0.9.1", "6c2b4eaf2588a6f3ef29663d28c992531ca3f0bc832a97e0359bc822978e1c5d", [:mix], [{:hackney, "~> 1.6.0", [hex: :hackney, optional: false]}]},
  "idna": {:hex, :idna, "5.0.2", "ac203208ada855d95dc591a764b6e87259cb0e2a364218f215ad662daa8cd6b4", [:rebar3], [{:unicode_util_compat, "0.2.0", [hex: :unicode_util_compat, repo: "hexpm", optional: false]}], "hexpm"},
  "metrics": {:hex, :metrics, "1.0.1", "25f094dea2cda98213cecc3aeff09e940299d950904393b2a29d191c346a8486", [:rebar3], [], "hexpm"},
  "mime": {:hex, :mime, "1.0.1", "05c393850524767d13a53627df71beeebb016205eb43bfbd92d14d24ec7a1b51", [:mix], [], "hexpm"},
  "mimerl": {:hex, :mimerl, "1.0.2", "993f9b0e084083405ed8252b99460c4f0563e41729ab42d9074fd5e52439be88", [:rebar3], [], "hexpm"},
  "mimetype_parser": {:hex, :mimetype_parser, "0.1.2", "221d2d3f727e89d80de5e1610fc2ce444514aa56f873da1b8fc9c033143e5d6a", [:mix], []},
  "oauth2": {:hex, :oauth2, "0.9.1", "cac86d87f35ec835bfe4c791263bdb88c0d8bf1617d64f555ede4e9d913e35ef", [:mix], [{:hackney, "~> 1.7", [hex: :hackney, repo: "hexpm", optional: false]}], "hexpm"},
  "plug": {:hex, :plug, "1.2.0", "496bef96634a49d7803ab2671482f0c5ce9ce0b7b9bc25bc0ae8e09859dd2004", [:mix], [{:cowboy, "~> 1.0", [hex: :cowboy, repo: "hexpm", optional: true]}, {:mime, "~> 1.0", [hex: :mime, repo: "hexpm", optional: false]}], "hexpm"},
  "poison": {:hex, :poison, "2.2.0", "4763b69a8a77bd77d26f477d196428b741261a761257ff1cf92753a0d4d24a63", [:mix], []},
  "ssl_verify_fun": {:hex, :ssl_verify_fun, "1.1.1", "28a4d65b7f59893bc2c7de786dec1e1555bd742d336043fe644ae956c3497fbe", [:make, :rebar], [], "hexpm"},
  "ueberauth": {:hex, :ueberauth, "0.4.0", "bc72d5e5a7bdcbfcf28a756e34630816edabc926303bdce7e171f7ac7ffa4f91", [:mix], [{:plug, "~> 1.2", [hex: :plug, repo: "hexpm", optional: false]}], "hexpm"},
  "unicode_util_compat": {:hex, :unicode_util_compat, "0.2.0", "dbbccf6781821b1c0701845eaf966c9b6d83d7c3bfc65ca2b78b88b8678bfa35", [:rebar3], [], "hexpm"},
}
